
Microsoft Visual Studio Solution File, Format Version 12.00
# Visual Studio Version 17
VisualStudioVersion = 17.6.33815.320
MinimumVisualStudioVersion = 10.0.40219.1
Project("{FAE04EC0-301F-11D3-BF4B-00C04F79EFBC}") = "ChineseCheckersClient", "ChineseCheckersClient.csproj", "{D58F701D-4CB8-4674-A34E-D272AD574DE5}"
EndProject
Global
	GlobalSection(SolutionConfigurationPlatforms) = preSolution
		Debug|Any CPU = Debug|Any CPU
		Release|Any CPU = Release|Any CPU
	EndGlobalSection
	GlobalSection(ProjectConfigurationPlatforms) = postSolution
		{D58F701D-4CB8-4674-A34E-D272AD574DE5}.Debug|Any CPU.ActiveCfg = Debug|Any CPU
		{D58F701D-4CB8-4674-A34E-D272AD574DE5}.Debug|Any CPU.Build.0 = Debug|Any CPU
		{D58F701D-4CB8-4674-A34E-D272AD574DE5}.Release|Any CPU.ActiveCfg = Release|Any CPU
		{D58F701D-4CB8-4674-A34E-D272AD574DE5}.Release|Any CPU.Build.0 = Release|Any CPU
	EndGlobalSection
	GlobalSection(SolutionProperties) = preSolution
		HideSolutionNode = FALSE
	EndGlobalSection
	GlobalSection(ExtensibilityGlobals) = postSolution
		SolutionGuid = {01872DC7-6F85-4B32-ADB1-045B8DD94D8A}
	EndGlobalSection
EndGlobal
